
Microsoft Visual Studio Solution File, Format Version 12.00
# Visual Studio 14
VisualStudioVersion = 14.0.25123.0
MinimumVisualStudioVersion = 10.0.40219.1
Project("{FAE04EC0-301F-11D3-BF4B-00C04F79EFBC}") = "Maginco", "Maginco\Maginco.csproj", "{38F113F1-D93B-4D4E-89EF-3ED3364D31CD}"
EndProject
Project("{FAE04EC0-301F-11D3-BF4B-00C04F79EFBC}") = "DataAccessLayer", "DataAccessLayer\DataAccessLayer.csproj", "{D1D58C8F-E01C-4EEE-8055-79A1DBED6A04}"
EndProject
Global
	GlobalSection(SolutionConfigurationPlatforms) = preSolution
		Debug|Any CPU = Debug|Any CPU
		Release|Any CPU = Release|Any CPU
	EndGlobalSection
	GlobalSection(ProjectConfigurationPlatforms) = postSolution
		{38F113F1-D93B-4D4E-89EF-3ED3364D31CD}.Debug|Any CPU.ActiveCfg = Debug|Any CPU
		{38F113F1-D93B-4D4E-89EF-3ED3364D31CD}.Debug|Any CPU.Build.0 = Debug|Any CPU
		{38F113F1-D93B-4D4E-89EF-3ED3364D31CD}.Release|Any CPU.ActiveCfg = Release|Any CPU
		{38F113F1-D93B-4D4E-89EF-3ED3364D31CD}.Release|Any CPU.Build.0 = Release|Any CPU
		{D1D58C8F-E01C-4EEE-8055-79A1DBED6A04}.Debug|Any CPU.ActiveCfg = Debug|Any CPU
		{D1D58C8F-E01C-4EEE-8055-79A1DBED6A04}.Debug|Any CPU.Build.0 = Debug|Any CPU
		{D1D58C8F-E01C-4EEE-8055-79A1DBED6A04}.Release|Any CPU.ActiveCfg = Release|Any CPU
		{D1D58C8F-E01C-4EEE-8055-79A1DBED6A04}.Release|Any CPU.Build.0 = Release|Any CPU
	EndGlobalSection
	GlobalSection(SolutionProperties) = preSolution
		HideSolutionNode = FALSE
	EndGlobalSection
EndGlobal
